// !$*UTF8*$!
{
	archiveVersion = 1;
	classes = {
	};
	objectVersion = 46;
	objects = {

/* Begin PBXBuildFile section */
		A09DBFA01CF92B7D008FFDA0 /* main.m in Sources */ = {isa = PBXBuildFile; fileRef = A09DBF9F1CF92B7D008FFDA0 /* main.m */; };
		A09DBFA31CF92B7D008FFDA0 /* AppDelegate.m in Sources */ = {isa = PBXBuildFile; fileRef = A09DBFA21CF92B7D008FFDA0 /* AppDelegate.m */; };
		A09DBFA61CF92B7D008FFDA0 /* ViewController.m in Sources */ = {isa = PBXBuildFile; fileRef = A09DBFA51CF92B7D008FFDA0 /* ViewController.m */; };
		A09DBFA91CF92B7D008FFDA0 /* Main.storyboard in Resources */ = {isa = PBXBuildFile; fileRef = A09DBFA71CF92B7D008FFDA0 /* Main.storyboard */; };
		A09DBFAC1CF92B7D008FFDA0 /* PracticaScroll.xcdatamodeld in Sources */ = {isa = PBXBuildFile; fileRef = A09DBFAA1CF92B7D008FFDA0 /* PracticaScroll.xcdatamodeld */; };
		A09DBFAE1CF92B7D008FFDA0 /* Assets.xcassets in Resources */ = {isa = PBXBuildFile; fileRef = A09DBFAD1CF92B7D008FFDA0 /* Assets.xcassets */; };
		A09DBFB11CF92B7D008FFDA0 /* LaunchScreen.storyboard in Resources */ = {isa = PBXBuildFile; fileRef = A09DBFAF1CF92B7D008FFDA0 /* LaunchScreen.storyboard */; };
/* End PBXBuildFile section */

/* Begin PBXFileReference section */
		A09DBF9B1CF92B7D008FFDA0 /* PracticaScroll.app */ = {isa = PBXFileReference; explicitFileType = wrapper.application; includeInIndex = 0; path = PracticaScroll.app; sourceTree = BUILT_PRODUCTS_DIR; };
		A09DBF9F1CF92B7D008FFDA0 /* main.m */ = {isa = PBXFileReference; lastKnownFileType = sourcecode.c.objc; path = main.m; sourceTree = "<group>"; };
		A09DBFA11CF92B7D008FFDA0 /* AppDelegate.h */ = {isa = PBXFileReference; lastKnownFileType = sourcecode.c.h; path = AppDelegate.h; sourceTree = "<group>"; };
		A09DBFA21CF92B7D008FFDA0 /* AppDelegate.m */ = {isa = PBXFileReference; lastKnownFileType = sourcecode.c.objc; path = AppDelegate.m; sourceTree = "<group>"; };
		A09DBFA41CF92B7D008FFDA0 /* ViewController.h */ = {isa = PBXFileReference; lastKnownFileType = sourcecode.c.h; path = ViewController.h; sourceTree = "<group>"; };
		A09DBFA51CF92B7D008FFDA0 /* ViewController.m */ = {isa = PBXFileReference; lastKnownFileType = sourcecode.c.objc; path = ViewController.m; sourceTree = "<group>"; };
		A09DBFA81CF92B7D008FFDA0 /* Base */ = {isa = PBXFileReference; lastKnownFileType = file.storyboard; name = Base; path = Base.lproj/Main.storyboard; sourceTree = "<group>"; };
		A09DBFAB1CF92B7D008FFDA0 /* PracticaScroll.xcdatamodel */ = {isa = PBXFileReference; lastKnownFileType = wrapper.xcdatamodel; path = PracticaScroll.xcdatamodel; sourceTree = "<group>"; };
		A09DBFAD1CF92B7D008FFDA0 /* Assets.xcassets */ = {isa = PBXFileReference; lastKnownFileType = folder.assetcatalog; path = Assets.xcassets; sourceTree = "<group>"; };
		A09DBFB01CF92B7D008FFDA0 /* Base */ = {isa = PBXFileReference; lastKnownFileType = file.storyboard; name = Base; path = Base.lproj/LaunchScreen.storyboard; sourceTree = "<group>"; };
		A09DBFB21CF92B7D008FFDA0 /* Info.plist */ = {isa = PBXFileReference; lastKnownFileType = text.plist.xml; path = Info.plist; sourceTree = "<group>"; };
/* End PBXFileReference section */

/* Begin PBXFrameworksBuildPhase section */
		A09DBF981CF92B7D008FFDA0 /* Frameworks */ = {
			isa = PBXFrameworksBuildPhase;
			buildActionMask = 2147483647;
			files = (
			);
			runOnlyForDeploymentPostprocessing = 0;
		};
/* End PBXFrameworksBuildPhase section */

/* Begin PBXGroup section */
		A09DBF921CF92B7C008FFDA0 = {
			isa = PBXGroup;
			children = (
				A09DBF9D1CF92B7D008FFDA0 /* PracticaScroll */,
				A09DBF9C1CF92B7D008FFDA0 /* Products */,
			);
			sourceTree = "<group>";
		};
		A09DBF9C1CF92B7D008FFDA0 /* Products */ = {
			isa = PBXGroup;
			children = (
				A09DBF9B1CF92B7D008FFDA0 /* PracticaScroll.app */,
			);
			name = Products;
			sourceTree = "<group>";
		};
		A09DBF9D1CF92B7D008FFDA0 /* PracticaScroll */ = {
			isa = PBXGroup;
			children = (
				A09DBFA11CF92B7D008FFDA0 /* AppDelegate.h */,
				A09DBFA21CF92B7D008FFDA0 /* AppDelegate.m */,
				A09DBFA41CF92B7D008FFDA0 /* ViewController.h */,
				A09DBFA51CF92B7D008FFDA0 /* ViewController.m */,
				A09DBFA71CF92B7D008FFDA0 /* Main.storyboard */,
				A09DBFAD1CF92B7D008FFDA0 /* Assets.xcassets */,
				A09DBFAF1CF92B7D008FFDA0 /* LaunchScreen.storyboard */,
				A09DBFB21CF92B7D008FFDA0 /* Info.plist */,
				A09DBFAA1CF92B7D008FFDA0 /* PracticaScroll.xcdatamodeld */,
				A09DBF9E1CF92B7D008FFDA0 /* Supporting Files */,
			);
			path = PracticaScroll;
			sourceTree = "<group>";
		};
		A09DBF9E1CF92B7D008FFDA0 /* Supporting Files */ = {
			isa = PBXGroup;
			children = (
				A09DBF9F1CF92B7D008FFDA0 /* main.m */,
			);
			name = "Supporting Files";
			sourceTree = "<group>";
		};
/* End PBXGroup section */

/* Begin PBXNativeTarget section */
		A09DBF9A1CF92B7D008FFDA0 /* PracticaScroll */ = {
			isa = PBXNativeTarget;
			buildConfigurationList = A09DBFB51CF92B7D008FFDA0 /* Build configuration list for PBXNativeTarget "PracticaScroll" */;
			buildPhases = (
				A09DBF971CF92B7D008FFDA0 /* Sources */,
				A09DBF981CF92B7D008FFDA0 /* Frameworks */,
				A09DBF991CF92B7D008FFDA0 /* Resources */,
			);
			buildRules = (
			);
			dependencies = (
			);
			name = PracticaScroll;
			productName = PracticaScroll;
			productReference = A09DBF9B1CF92B7D008FFDA0 /* PracticaScroll.app */;
			productType = "com.apple.product-type.application";
		};
/* End PBXNativeTarget section */

/* Begin PBXProject section */
		A09DBF931CF92B7D008FFDA0 /* Project object */ = {
			isa = PBXProject;
			attributes = {
				LastUpgradeCheck = 0730;
				ORGANIZATIONNAME = "Luis de Jesus Martin Castillo";
				TargetAttributes = {
					A09DBF9A1CF92B7D008FFDA0 = {
						CreatedOnToolsVersion = 7.3.1;
					};
				};
			};
			buildConfigurationList = A09DBF961CF92B7D008FFDA0 /* Build configuration list for PBXProject "PracticaScroll" */;
			compatibilityVersion = "Xcode 3.2";
			developmentRegion = English;
			hasScannedForEncodings = 0;
			knownRegions = (
				en,
				Base,
			);
			mainGroup = A09DBF921CF92B7C008FFDA0;
			productRefGroup = A09DBF9C1CF92B7D008FFDA0 /* Products */;
			projectDirPath = "";
			projectRoot = "";
			targets = (
				A09DBF9A1CF92B7D008FFDA0 /* PracticaScroll */,
			);
		};
/* End PBXProject section */

/* Begin PBXResourcesBuildPhase section */
		A09DBF991CF92B7D008FFDA0 /* Resources */ = {
			isa = PBXResourcesBuildPhase;
			buildActionMask = 2147483647;
			files = (
				A09DBFB11CF92B7D008FFDA0 /* LaunchScreen.storyboard in Resources */,
				A09DBFAE1CF92B7D008FFDA0 /* Assets.xcassets in Resources */,
				A09DBFA91CF92B7D008FFDA0 /* Main.storyboard in Resources */,
			);
			runOnlyForDeploymentPostprocessing = 0;
		};
/* End PBXResourcesBuildPhase section */

/* Begin PBXSourcesBuildPhase section */
		A09DBF971CF92B7D008FFDA0 /* Sources */ = {
			isa = PBXSourcesBuildPhase;
			buildActionMask = 2147483647;
			files = (
				A09DBFA61CF92B7D008FFDA0 /* ViewController.m in Sources */,
				A09DBFAC1CF92B7D008FFDA0 /* PracticaScroll.xcdatamodeld in Sources */,
				A09DBFA31CF92B7D008FFDA0 /* AppDelegate.m in Sources */,
				A09DBFA01CF92B7D008FFDA0 /* main.m in Sources */,
			);
			runOnlyForDeploymentPostprocessing = 0;
		};
/* End PBXSourcesBuildPhase section */

/* Begin PBXVariantGroup section */
		A09DBFA71CF92B7D008FFDA0 /* Main.storyboard */ = {
			isa = PBXVariantGroup;
			children = (
				A09DBFA81CF92B7D008FFDA0 /* Base */,
			);
			name = Main.storyboard;
			sourceTree = "<group>";
		};
		A09DBFAF1CF92B7D008FFDA0 /* LaunchScreen.storyboard */ = {
			isa = PBXVariantGroup;
			children = (
				A09DBFB01CF92B7D008FFDA0 /* Base */,
			);
			name = LaunchScreen.storyboard;
			sourceTree = "<group>";
		};
/* End PBXVariantGroup section */

/* Begin XCBuildConfiguration section */
		A09DBFB31CF92B7D008FFDA0 /* Debug */ = {
			isa = XCBuildConfiguration;
			buildSettings = {
				ALWAYS_SEARCH_USER_PATHS = NO;
				CLANG_ANALYZER_NONNULL = YES;
				CLANG_CXX_LANGUAGE_STANDARD = "gnu++0x";
				CLANG_CXX_LIBRARY = "libc++";
				CLANG_ENABLE_MODULES = YES;
				CLANG_ENABLE_OBJC_ARC = YES;
				CLANG_WARN_BOOL_CONVERSION = YES;
				CLANG_WARN_CONSTANT_CONVERSION = YES;
				CLANG_WARN_DIRECT_OBJC_ISA_USAGE = YES_ERROR;
				CLANG_WARN_EMPTY_BODY = YES;
				CLANG_WARN_ENUM_CONVERSION = YES;
				CLANG_WARN_INT_CONVERSION = YES;
				CLANG_WARN_OBJC_ROOT_CLASS = YES_ERROR;
				CLANG_WARN_UNREACHABLE_CODE = YES;
				CLANG_WARN__DUPLICATE_METHOD_MATCH = YES;
				"CODE_SIGN_IDENTITY[sdk=iphoneos*]" = "iPhone Developer";
				COPY_PHASE_STRIP = NO;
				DEBUG_INFORMATION_FORMAT = dwarf;
				ENABLE_STRICT_OBJC_MSGSEND = YES;
				ENABLE_TESTABILITY = YES;
				GCC_C_LANGUAGE_STANDARD = gnu99;
				GCC_DYNAMIC_NO_PIC = NO;
				GCC_NO_COMMON_BLOCKS = YES;
				GCC_OPTIMIZATION_LEVEL = 0;
				GCC_PREPROCESSOR_DEFINITIONS = (
					"DEBUG=1",
					"$(inherited)",
				);
				GCC_WARN_64_TO_32_BIT_CONVERSION = YES;
				GCC_WARN_ABOUT_RETURN_TYPE = YES_ERROR;
				GCC_WARN_UNDECLARED_SELECTOR = YES;
				GCC_WARN_UNINITIALIZED_AUTOS = YES_AGGRESSIVE;
				GCC_WARN_UNUSED_FUNCTION = YES;
				GCC_WARN_UNUSED_VARIABLE = YES;
				IPHONEOS_DEPLOYMENT_TARGET = 9.3;
				MTL_ENABLE_DEBUG_INFO = YES;
				ONLY_ACTIVE_ARCH = YES;
				SDKROOT = iphoneos;
			};
			name = Debug;
		};
		A09DBFB41CF92B7D008FFDA0 /* Release */ = {
			isa = XCBuildConfiguration;
			buildSettings = {
				ALWAYS_SEARCH_USER_PATHS = NO;
				CLANG_ANALYZER_NONNULL = YES;
				CLANG_CXX_LANGUAGE_STANDARD = "gnu++0x";
				CLANG_CXX_LIBRARY = "libc++";
				CLANG_ENABLE_MODULES = YES;
				CLANG_ENABLE_OBJC_ARC = YES;
				CLANG_WARN_BOOL_CONVERSION = YES;
				CLANG_WARN_CONSTANT_CONVERSION = YES;
				CLANG_WARN_DIRECT_OBJC_ISA_USAGE = YES_ERROR;
				CLANG_WARN_EMPTY_BODY = YES;
				CLANG_WARN_ENUM_CONVERSION = YES;
				CLANG_WARN_INT_CONVERSION = YES;
				CLANG_WARN_OBJC_ROOT_CLASS = YES_ERROR;
				CLANG_WARN_UNREACHABLE_CODE = YES;
				CLANG_WARN__DUPLICATE_METHOD_MATCH = YES;
				"CODE_SIGN_IDENTITY[sdk=iphoneos*]" = "iPhone Developer";
				COPY_PHASE_STRIP = NO;
				DEBUG_INFORMATION_FORMAT = "dwarf-with-dsym";
				ENABLE_NS_ASSERTIONS = NO;
				ENABLE_STRICT_OBJC_MSGSEND = YES;
				GCC_C_LANGUAGE_STANDARD = gnu99;
				GCC_NO_COMMON_BLOCKS = YES;
				GCC_WARN_64_TO_32_BIT_CONVERSION = YES;
				GCC_WARN_ABOUT_RETURN_TYPE = YES_ERROR;
				GCC_WARN_UNDECLARED_SELECTOR = YES;
				GCC_WARN_UNINITIALIZED_AUTOS = YES_AGGRESSIVE;
				GCC_WARN_UNUSED_FUNCTION = YES;
				GCC_WARN_UNUSED_VARIABLE = YES;
				IPHONEOS_DEPLOYMENT_TARGET = 9.3;
				MTL_ENABLE_DEBUG_INFO = NO;
				SDKROOT = iphoneos;
				VALIDATE_PRODUCT = YES;
			};
			name = Release;
		};
		A09DBFB61CF92B7D008FFDA0 /* Debug */ = {
			isa = XCBuildConfiguration;
			buildSettings = {
				ASSETCATALOG_COMPILER_APPICON_NAME = AppIcon;
				INFOPLIST_FILE = PracticaScroll/Info.plist;
				LD_RUNPATH_SEARCH_PATHS = "$(inherited) @executable_path/Frameworks";
				PRODUCT_BUNDLE_IDENTIFIER = com.ljmc.PracticaScroll;
				PRODUCT_NAME = "$(TARGET_NAME)";
			};
			name = Debug;
		};
		A09DBFB71CF92B7D008FFDA0 /* Release */ = {
			isa = XCBuildConfiguration;
			buildSettings = {
				ASSETCATALOG_COMPILER_APPICON_NAME = AppIcon;
				INFOPLIST_FILE = PracticaScroll/Info.plist;
				LD_RUNPATH_SEARCH_PATHS = "$(inherited) @executable_path/Frameworks";
				PRODUCT_BUNDLE_IDENTIFIER = com.ljmc.PracticaScroll;
				PRODUCT_NAME = "$(TARGET_NAME)";
			};
			name = Release;
		};
/* End XCBuildConfiguration section */

/* Begin XCConfigurationList section */
		A09DBF961CF92B7D008FFDA0 /* Build configuration list for PBXProject "PracticaScroll" */ = {
			isa = XCConfigurationList;
			buildConfigurations = (
				A09DBFB31CF92B7D008FFDA0 /* Debug */,
				A09DBFB41CF92B7D008FFDA0 /* Release */,
			);
			defaultConfigurationIsVisible = 0;
			defaultConfigurationName = Release;
		};
		A09DBFB51CF92B7D008FFDA0 /* Build configuration list for PBXNativeTarget "PracticaScroll" */ = {
			isa = XCConfigurationList;
			buildConfigurations = (
				A09DBFB61CF92B7D008FFDA0 /* Debug */,
				A09DBFB71CF92B7D008FFDA0 /* Release */,
			);
			defaultConfigurationIsVisible = 0;
		};
/* End XCConfigurationList section */

/* Begin XCVersionGroup section */
		A09DBFAA1CF92B7D008FFDA0 /* PracticaScroll.xcdatamodeld */ = {
			isa = XCVersionGroup;
			children = (
				A09DBFAB1CF92B7D008FFDA0 /* PracticaScroll.xcdatamodel */,
			);
			currentVersion = A09DBFAB1CF92B7D008FFDA0 /* PracticaScroll.xcdatamodel */;
			path = PracticaScroll.xcdatamodeld;
			sourceTree = "<group>";
			versionGroupType = wrapper.xcdatamodel;
		};
/* End XCVersionGroup section */
	};
	rootObject = A09DBF931CF92B7D008FFDA0 /* Project object */;
}
