// !$*UTF8*$!
{
	archiveVersion = 1;
	classes = {
	};
	objectVersion = 46;
	objects = {

/* Begin PBXBuildFile section */
		A01B9C091D01FB5F005B9B07 /* AppIcon-40@3x.png in Resources */ = {isa = PBXBuildFile; fileRef = A01B9C081D01FB5F005B9B07 /* AppIcon-40@3x.png */; };
		A01B9C0B1D01FCDC005B9B07 /* background_cell.png in Resources */ = {isa = PBXBuildFile; fileRef = A01B9C0A1D01FCDC005B9B07 /* background_cell.png */; };
		A01B9C0D1D01FF8C005B9B07 /* background.png in Resources */ = {isa = PBXBuildFile; fileRef = A01B9C0C1D01FF8C005B9B07 /* background.png */; };
		A01B9C0F1D020164005B9B07 /* logo.png in Resources */ = {isa = PBXBuildFile; fileRef = A01B9C0E1D020164005B9B07 /* logo.png */; };
		A01B9C121D020323005B9B07 /* botondead1.png in Resources */ = {isa = PBXBuildFile; fileRef = A01B9C101D020323005B9B07 /* botondead1.png */; };
		A01B9C131D020323005B9B07 /* botondead2.png in Resources */ = {isa = PBXBuildFile; fileRef = A01B9C111D020323005B9B07 /* botondead2.png */; };
		A01B9C161D02041C005B9B07 /* botonlive1.png in Resources */ = {isa = PBXBuildFile; fileRef = A01B9C141D02041C005B9B07 /* botonlive1.png */; };
		A01B9C171D02041C005B9B07 /* botonlive2.png in Resources */ = {isa = PBXBuildFile; fileRef = A01B9C151D02041C005B9B07 /* botonlive2.png */; };
		A01B9C1B1D0207FA005B9B07 /* perfect.png in Resources */ = {isa = PBXBuildFile; fileRef = A01B9C181D0207FA005B9B07 /* perfect.png */; };
		A01B9C1C1D0207FA005B9B07 /* good.png in Resources */ = {isa = PBXBuildFile; fileRef = A01B9C191D0207FA005B9B07 /* good.png */; };
		A01B9C1D1D0207FA005B9B07 /* bad.png in Resources */ = {isa = PBXBuildFile; fileRef = A01B9C1A1D0207FA005B9B07 /* bad.png */; };
		A01B9C1F1D020C6A005B9B07 /* botontry1.png in Resources */ = {isa = PBXBuildFile; fileRef = A01B9C1E1D020C6A005B9B07 /* botontry1.png */; };
		A01B9C211D020D8E005B9B07 /* botonnext1.png in Resources */ = {isa = PBXBuildFile; fileRef = A01B9C201D020D8E005B9B07 /* botonnext1.png */; };
		A01B9C251D0210A9005B9B07 /* launch.png in Resources */ = {isa = PBXBuildFile; fileRef = A01B9C241D0210A9005B9B07 /* launch.png */; };
		A01B9C271D021102005B9B07 /* Images.xcassets in Resources */ = {isa = PBXBuildFile; fileRef = A01B9C261D021102005B9B07 /* Images.xcassets */; };
		A09DBFA01CF92B7D008FFDA0 /* main.m in Sources */ = {isa = PBXBuildFile; fileRef = A09DBF9F1CF92B7D008FFDA0 /* main.m */; };
		A09DBFA31CF92B7D008FFDA0 /* AppDelegate.m in Sources */ = {isa = PBXBuildFile; fileRef = A09DBFA21CF92B7D008FFDA0 /* AppDelegate.m */; };
		A09DBFA61CF92B7D008FFDA0 /* ViewController.m in Sources */ = {isa = PBXBuildFile; fileRef = A09DBFA51CF92B7D008FFDA0 /* ViewController.m */; };
		A09DBFA91CF92B7D008FFDA0 /* Main.storyboard in Resources */ = {isa = PBXBuildFile; fileRef = A09DBFA71CF92B7D008FFDA0 /* Main.storyboard */; };
		A09DBFAC1CF92B7D008FFDA0 /* PracticaScroll.xcdatamodeld in Sources */ = {isa = PBXBuildFile; fileRef = A09DBFAA1CF92B7D008FFDA0 /* PracticaScroll.xcdatamodeld */; };
		A09DBFAE1CF92B7D008FFDA0 /* Assets.xcassets in Resources */ = {isa = PBXBuildFile; fileRef = A09DBFAD1CF92B7D008FFDA0 /* Assets.xcassets */; };
		A09DBFB11CF92B7D008FFDA0 /* LaunchScreen.storyboard in Resources */ = {isa = PBXBuildFile; fileRef = A09DBFAF1CF92B7D008FFDA0 /* LaunchScreen.storyboard */; };
		A09DBFBD1CF95540008FFDA0 /* GoTCell.m in Sources */ = {isa = PBXBuildFile; fileRef = A09DBFBB1CF95540008FFDA0 /* GoTCell.m */; };
		A09DBFBE1CF95540008FFDA0 /* GoTCell.xib in Resources */ = {isa = PBXBuildFile; fileRef = A09DBFBC1CF95540008FFDA0 /* GoTCell.xib */; };
		A09DBFC41CF95D90008FFDA0 /* person.png in Resources */ = {isa = PBXBuildFile; fileRef = A09DBFC11CF95D90008FFDA0 /* person.png */; };
		A09DBFC51CF95D90008FFDA0 /* error.png in Resources */ = {isa = PBXBuildFile; fileRef = A09DBFC21CF95D90008FFDA0 /* error.png */; };
		A09DBFC61CF95D90008FFDA0 /* ok.png in Resources */ = {isa = PBXBuildFile; fileRef = A09DBFC31CF95D90008FFDA0 /* ok.png */; };
		A09DBFCD1CF96074008FFDA0 /* Character.m in Sources */ = {isa = PBXBuildFile; fileRef = A09DBFCC1CF96074008FFDA0 /* Character.m */; };
		A09DBFCF1CF961C3008FFDA0 /* Characters.plist in Resources */ = {isa = PBXBuildFile; fileRef = A09DBFCE1CF961C3008FFDA0 /* Characters.plist */; };
		A09DBFDA1CF96C28008FFDA0 /* daenerys.jpg in Resources */ = {isa = PBXBuildFile; fileRef = A09DBFD01CF96C28008FFDA0 /* daenerys.jpg */; };
		A09DBFDB1CF96C28008FFDA0 /* jonsnow.jpg in Resources */ = {isa = PBXBuildFile; fileRef = A09DBFD11CF96C28008FFDA0 /* jonsnow.jpg */; };
		A09DBFDC1CF96C28008FFDA0 /* ramsay.jpg in Resources */ = {isa = PBXBuildFile; fileRef = A09DBFD21CF96C28008FFDA0 /* ramsay.jpg */; };
		A09DBFDD1CF96C28008FFDA0 /* sansa.jpg in Resources */ = {isa = PBXBuildFile; fileRef = A09DBFD31CF96C28008FFDA0 /* sansa.jpg */; };
		A09DBFDE1CF96C28008FFDA0 /* margaery.png in Resources */ = {isa = PBXBuildFile; fileRef = A09DBFD41CF96C28008FFDA0 /* margaery.png */; };
		A09DBFDF1CF96C28008FFDA0 /* olly.jpg in Resources */ = {isa = PBXBuildFile; fileRef = A09DBFD51CF96C28008FFDA0 /* olly.jpg */; };
		A09DBFE01CF96C28008FFDA0 /* osha.jpg in Resources */ = {isa = PBXBuildFile; fileRef = A09DBFD61CF96C28008FFDA0 /* osha.jpg */; };
		A09DBFE11CF96C28008FFDA0 /* drogo.jpg in Resources */ = {isa = PBXBuildFile; fileRef = A09DBFD71CF96C28008FFDA0 /* drogo.jpg */; };
		A09DBFE21CF96C28008FFDA0 /* eddard.jpg in Resources */ = {isa = PBXBuildFile; fileRef = A09DBFD81CF96C28008FFDA0 /* eddard.jpg */; };
		A09DBFE31CF96C28008FFDA0 /* joffrey.png in Resources */ = {isa = PBXBuildFile; fileRef = A09DBFD91CF96C28008FFDA0 /* joffrey.png */; };
		A09DBFE71CF978A2008FFDA0 /* Congrats.m in Sources */ = {isa = PBXBuildFile; fileRef = A09DBFE61CF978A2008FFDA0 /* Congrats.m */; };
/* End PBXBuildFile section */

/* Begin PBXFileReference section */
		A01B9C081D01FB5F005B9B07 /* AppIcon-40@3x.png */ = {isa = PBXFileReference; lastKnownFileType = image.png; path = "AppIcon-40@3x.png"; sourceTree = "<group>"; };
		A01B9C0A1D01FCDC005B9B07 /* background_cell.png */ = {isa = PBXFileReference; lastKnownFileType = image.png; path = background_cell.png; sourceTree = "<group>"; };
		A01B9C0C1D01FF8C005B9B07 /* background.png */ = {isa = PBXFileReference; lastKnownFileType = image.png; path = background.png; sourceTree = "<group>"; };
		A01B9C0E1D020164005B9B07 /* logo.png */ = {isa = PBXFileReference; lastKnownFileType = image.png; path = logo.png; sourceTree = "<group>"; };
		A01B9C101D020323005B9B07 /* botondead1.png */ = {isa = PBXFileReference; lastKnownFileType = image.png; path = botondead1.png; sourceTree = "<group>"; };
		A01B9C111D020323005B9B07 /* botondead2.png */ = {isa = PBXFileReference; lastKnownFileType = image.png; path = botondead2.png; sourceTree = "<group>"; };
		A01B9C141D02041C005B9B07 /* botonlive1.png */ = {isa = PBXFileReference; lastKnownFileType = image.png; path = botonlive1.png; sourceTree = "<group>"; };
		A01B9C151D02041C005B9B07 /* botonlive2.png */ = {isa = PBXFileReference; lastKnownFileType = image.png; path = botonlive2.png; sourceTree = "<group>"; };
		A01B9C181D0207FA005B9B07 /* perfect.png */ = {isa = PBXFileReference; lastKnownFileType = image.png; path = perfect.png; sourceTree = "<group>"; };
		A01B9C191D0207FA005B9B07 /* good.png */ = {isa = PBXFileReference; lastKnownFileType = image.png; path = good.png; sourceTree = "<group>"; };
		A01B9C1A1D0207FA005B9B07 /* bad.png */ = {isa = PBXFileReference; lastKnownFileType = image.png; path = bad.png; sourceTree = "<group>"; };
		A01B9C1E1D020C6A005B9B07 /* botontry1.png */ = {isa = PBXFileReference; lastKnownFileType = image.png; path = botontry1.png; sourceTree = "<group>"; };
		A01B9C201D020D8E005B9B07 /* botonnext1.png */ = {isa = PBXFileReference; lastKnownFileType = image.png; path = botonnext1.png; sourceTree = "<group>"; };
		A01B9C241D0210A9005B9B07 /* launch.png */ = {isa = PBXFileReference; lastKnownFileType = image.png; path = launch.png; sourceTree = "<group>"; };
		A01B9C261D021102005B9B07 /* Images.xcassets */ = {isa = PBXFileReference; lastKnownFileType = folder.assetcatalog; path = Images.xcassets; sourceTree = "<group>"; };
		A09DBF9B1CF92B7D008FFDA0 /* PracticaScroll.app */ = {isa = PBXFileReference; explicitFileType = wrapper.application; includeInIndex = 0; path = PracticaScroll.app; sourceTree = BUILT_PRODUCTS_DIR; };
		A09DBF9F1CF92B7D008FFDA0 /* main.m */ = {isa = PBXFileReference; lastKnownFileType = sourcecode.c.objc; path = main.m; sourceTree = "<group>"; };
		A09DBFA11CF92B7D008FFDA0 /* AppDelegate.h */ = {isa = PBXFileReference; lastKnownFileType = sourcecode.c.h; path = AppDelegate.h; sourceTree = "<group>"; };
		A09DBFA21CF92B7D008FFDA0 /* AppDelegate.m */ = {isa = PBXFileReference; lastKnownFileType = sourcecode.c.objc; path = AppDelegate.m; sourceTree = "<group>"; };
		A09DBFA41CF92B7D008FFDA0 /* ViewController.h */ = {isa = PBXFileReference; lastKnownFileType = sourcecode.c.h; path = ViewController.h; sourceTree = "<group>"; };
		A09DBFA51CF92B7D008FFDA0 /* ViewController.m */ = {isa = PBXFileReference; lastKnownFileType = sourcecode.c.objc; path = ViewController.m; sourceTree = "<group>"; };
		A09DBFA81CF92B7D008FFDA0 /* Base */ = {isa = PBXFileReference; lastKnownFileType = file.storyboard; name = Base; path = Base.lproj/Main.storyboard; sourceTree = "<group>"; };
		A09DBFAB1CF92B7D008FFDA0 /* PracticaScroll.xcdatamodel */ = {isa = PBXFileReference; lastKnownFileType = wrapper.xcdatamodel; path = PracticaScroll.xcdatamodel; sourceTree = "<group>"; };
		A09DBFAD1CF92B7D008FFDA0 /* Assets.xcassets */ = {isa = PBXFileReference; lastKnownFileType = folder.assetcatalog; path = Assets.xcassets; sourceTree = "<group>"; };
		A09DBFB01CF92B7D008FFDA0 /* Base */ = {isa = PBXFileReference; lastKnownFileType = file.storyboard; name = Base; path = Base.lproj/LaunchScreen.storyboard; sourceTree = "<group>"; };
		A09DBFB21CF92B7D008FFDA0 /* Info.plist */ = {isa = PBXFileReference; lastKnownFileType = text.plist.xml; path = Info.plist; sourceTree = "<group>"; };
		A09DBFBA1CF95540008FFDA0 /* GoTCell.h */ = {isa = PBXFileReference; fileEncoding = 4; lastKnownFileType = sourcecode.c.h; path = GoTCell.h; sourceTree = "<group>"; };
		A09DBFBB1CF95540008FFDA0 /* GoTCell.m */ = {isa = PBXFileReference; fileEncoding = 4; lastKnownFileType = sourcecode.c.objc; path = GoTCell.m; sourceTree = "<group>"; };
		A09DBFBC1CF95540008FFDA0 /* GoTCell.xib */ = {isa = PBXFileReference; fileEncoding = 4; lastKnownFileType = file.xib; path = GoTCell.xib; sourceTree = "<group>"; };
		A09DBFC11CF95D90008FFDA0 /* person.png */ = {isa = PBXFileReference; lastKnownFileType = image.png; path = person.png; sourceTree = "<group>"; };
		A09DBFC21CF95D90008FFDA0 /* error.png */ = {isa = PBXFileReference; lastKnownFileType = image.png; path = error.png; sourceTree = "<group>"; };
		A09DBFC31CF95D90008FFDA0 /* ok.png */ = {isa = PBXFileReference; lastKnownFileType = image.png; path = ok.png; sourceTree = "<group>"; };
		A09DBFCB1CF96074008FFDA0 /* Character.h */ = {isa = PBXFileReference; fileEncoding = 4; lastKnownFileType = sourcecode.c.h; path = Character.h; sourceTree = "<group>"; };
		A09DBFCC1CF96074008FFDA0 /* Character.m */ = {isa = PBXFileReference; fileEncoding = 4; lastKnownFileType = sourcecode.c.objc; path = Character.m; sourceTree = "<group>"; };
		A09DBFCE1CF961C3008FFDA0 /* Characters.plist */ = {isa = PBXFileReference; fileEncoding = 4; lastKnownFileType = text.plist.xml; path = Characters.plist; sourceTree = "<group>"; };
		A09DBFD01CF96C28008FFDA0 /* daenerys.jpg */ = {isa = PBXFileReference; lastKnownFileType = image.jpeg; path = daenerys.jpg; sourceTree = "<group>"; };
		A09DBFD11CF96C28008FFDA0 /* jonsnow.jpg */ = {isa = PBXFileReference; lastKnownFileType = image.jpeg; path = jonsnow.jpg; sourceTree = "<group>"; };
		A09DBFD21CF96C28008FFDA0 /* ramsay.jpg */ = {isa = PBXFileReference; lastKnownFileType = image.jpeg; path = ramsay.jpg; sourceTree = "<group>"; };
		A09DBFD31CF96C28008FFDA0 /* sansa.jpg */ = {isa = PBXFileReference; lastKnownFileType = image.jpeg; path = sansa.jpg; sourceTree = "<group>"; };
		A09DBFD41CF96C28008FFDA0 /* margaery.png */ = {isa = PBXFileReference; lastKnownFileType = image.png; path = margaery.png; sourceTree = "<group>"; };
		A09DBFD51CF96C28008FFDA0 /* olly.jpg */ = {isa = PBXFileReference; lastKnownFileType = image.jpeg; path = olly.jpg; sourceTree = "<group>"; };
		A09DBFD61CF96C28008FFDA0 /* osha.jpg */ = {isa = PBXFileReference; lastKnownFileType = image.jpeg; path = osha.jpg; sourceTree = "<group>"; };
		A09DBFD71CF96C28008FFDA0 /* drogo.jpg */ = {isa = PBXFileReference; lastKnownFileType = image.jpeg; path = drogo.jpg; sourceTree = "<group>"; };
		A09DBFD81CF96C28008FFDA0 /* eddard.jpg */ = {isa = PBXFileReference; lastKnownFileType = image.jpeg; path = eddard.jpg; sourceTree = "<group>"; };
		A09DBFD91CF96C28008FFDA0 /* joffrey.png */ = {isa = PBXFileReference; lastKnownFileType = image.png; path = joffrey.png; sourceTree = "<group>"; };
		A09DBFE41CF971CA008FFDA0 /* CellObserver.h */ = {isa = PBXFileReference; fileEncoding = 4; lastKnownFileType = sourcecode.c.h; path = CellObserver.h; sourceTree = "<group>"; };
		A09DBFE51CF978A2008FFDA0 /* Congrats.h */ = {isa = PBXFileReference; fileEncoding = 4; lastKnownFileType = sourcecode.c.h; path = Congrats.h; sourceTree = "<group>"; };
		A09DBFE61CF978A2008FFDA0 /* Congrats.m */ = {isa = PBXFileReference; fileEncoding = 4; lastKnownFileType = sourcecode.c.objc; path = Congrats.m; sourceTree = "<group>"; };
/* End PBXFileReference section */

/* Begin PBXFrameworksBuildPhase section */
		A09DBF981CF92B7D008FFDA0 /* Frameworks */ = {
			isa = PBXFrameworksBuildPhase;
			buildActionMask = 2147483647;
			files = (
			);
			runOnlyForDeploymentPostprocessing = 0;
		};
/* End PBXFrameworksBuildPhase section */

/* Begin PBXGroup section */
		A09DBF921CF92B7C008FFDA0 = {
			isa = PBXGroup;
			children = (
				A09DBF9D1CF92B7D008FFDA0 /* PracticaScroll */,
				A09DBF9C1CF92B7D008FFDA0 /* Products */,
			);
			sourceTree = "<group>";
		};
		A09DBF9C1CF92B7D008FFDA0 /* Products */ = {
			isa = PBXGroup;
			children = (
				A09DBF9B1CF92B7D008FFDA0 /* PracticaScroll.app */,
			);
			name = Products;
			sourceTree = "<group>";
		};
		A09DBF9D1CF92B7D008FFDA0 /* PracticaScroll */ = {
			isa = PBXGroup;
			children = (
				A09DBFC81CF95FC7008FFDA0 /* Entity */,
				A09DBFC71CF95D99008FFDA0 /* Images */,
				A09DBFC01CF95556008FFDA0 /* Controllers */,
				A09DBFBF1CF95549008FFDA0 /* Main */,
				A09DBFA71CF92B7D008FFDA0 /* Main.storyboard */,
				A09DBFAD1CF92B7D008FFDA0 /* Assets.xcassets */,
				A09DBFAF1CF92B7D008FFDA0 /* LaunchScreen.storyboard */,
				A09DBFB21CF92B7D008FFDA0 /* Info.plist */,
				A09DBFAA1CF92B7D008FFDA0 /* PracticaScroll.xcdatamodeld */,
				A09DBF9E1CF92B7D008FFDA0 /* Supporting Files */,
				A09DBFBC1CF95540008FFDA0 /* GoTCell.xib */,
				A09DBFCE1CF961C3008FFDA0 /* Characters.plist */,
				A01B9C261D021102005B9B07 /* Images.xcassets */,
			);
			path = PracticaScroll;
			sourceTree = "<group>";
		};
		A09DBF9E1CF92B7D008FFDA0 /* Supporting Files */ = {
			isa = PBXGroup;
			children = (
				A09DBF9F1CF92B7D008FFDA0 /* main.m */,
			);
			name = "Supporting Files";
			sourceTree = "<group>";
		};
		A09DBFBF1CF95549008FFDA0 /* Main */ = {
			isa = PBXGroup;
			children = (
				A09DBFA11CF92B7D008FFDA0 /* AppDelegate.h */,
				A09DBFA21CF92B7D008FFDA0 /* AppDelegate.m */,
			);
			name = Main;
			sourceTree = "<group>";
		};
		A09DBFC01CF95556008FFDA0 /* Controllers */ = {
			isa = PBXGroup;
			children = (
				A09DBFBA1CF95540008FFDA0 /* GoTCell.h */,
				A09DBFBB1CF95540008FFDA0 /* GoTCell.m */,
				A09DBFA41CF92B7D008FFDA0 /* ViewController.h */,
				A09DBFA51CF92B7D008FFDA0 /* ViewController.m */,
				A09DBFE41CF971CA008FFDA0 /* CellObserver.h */,
				A09DBFE51CF978A2008FFDA0 /* Congrats.h */,
				A09DBFE61CF978A2008FFDA0 /* Congrats.m */,
			);
			name = Controllers;
			sourceTree = "<group>";
		};
		A09DBFC71CF95D99008FFDA0 /* Images */ = {
			isa = PBXGroup;
			children = (
				A01B9C241D0210A9005B9B07 /* launch.png */,
				A01B9C1E1D020C6A005B9B07 /* botontry1.png */,
				A01B9C181D0207FA005B9B07 /* perfect.png */,
				A01B9C191D0207FA005B9B07 /* good.png */,
				A01B9C1A1D0207FA005B9B07 /* bad.png */,
				A01B9C141D02041C005B9B07 /* botonlive1.png */,
				A01B9C151D02041C005B9B07 /* botonlive2.png */,
				A01B9C101D020323005B9B07 /* botondead1.png */,
				A01B9C111D020323005B9B07 /* botondead2.png */,
				A01B9C0C1D01FF8C005B9B07 /* background.png */,
				A01B9C0E1D020164005B9B07 /* logo.png */,
				A01B9C0A1D01FCDC005B9B07 /* background_cell.png */,
				A01B9C201D020D8E005B9B07 /* botonnext1.png */,
				A01B9C081D01FB5F005B9B07 /* AppIcon-40@3x.png */,
				A09DBFD01CF96C28008FFDA0 /* daenerys.jpg */,
				A09DBFD11CF96C28008FFDA0 /* jonsnow.jpg */,
				A09DBFD21CF96C28008FFDA0 /* ramsay.jpg */,
				A09DBFD31CF96C28008FFDA0 /* sansa.jpg */,
				A09DBFD41CF96C28008FFDA0 /* margaery.png */,
				A09DBFD51CF96C28008FFDA0 /* olly.jpg */,
				A09DBFD61CF96C28008FFDA0 /* osha.jpg */,
				A09DBFD71CF96C28008FFDA0 /* drogo.jpg */,
				A09DBFD81CF96C28008FFDA0 /* eddard.jpg */,
				A09DBFD91CF96C28008FFDA0 /* joffrey.png */,
				A09DBFC11CF95D90008FFDA0 /* person.png */,
				A09DBFC21CF95D90008FFDA0 /* error.png */,
				A09DBFC31CF95D90008FFDA0 /* ok.png */,
			);
			name = Images;
			sourceTree = "<group>";
		};
		A09DBFC81CF95FC7008FFDA0 /* Entity */ = {
			isa = PBXGroup;
			children = (
				A09DBFCB1CF96074008FFDA0 /* Character.h */,
				A09DBFCC1CF96074008FFDA0 /* Character.m */,
			);
			name = Entity;
			sourceTree = "<group>";
		};
/* End PBXGroup section */

/* Begin PBXNativeTarget section */
		A09DBF9A1CF92B7D008FFDA0 /* PracticaScroll */ = {
			isa = PBXNativeTarget;
			buildConfigurationList = A09DBFB51CF92B7D008FFDA0 /* Build configuration list for PBXNativeTarget "PracticaScroll" */;
			buildPhases = (
				A09DBF971CF92B7D008FFDA0 /* Sources */,
				A09DBF981CF92B7D008FFDA0 /* Frameworks */,
				A09DBF991CF92B7D008FFDA0 /* Resources */,
			);
			buildRules = (
			);
			dependencies = (
			);
			name = PracticaScroll;
			productName = PracticaScroll;
			productReference = A09DBF9B1CF92B7D008FFDA0 /* PracticaScroll.app */;
			productType = "com.apple.product-type.application";
		};
/* End PBXNativeTarget section */

/* Begin PBXProject section */
		A09DBF931CF92B7D008FFDA0 /* Project object */ = {
			isa = PBXProject;
			attributes = {
				LastUpgradeCheck = 0730;
				ORGANIZATIONNAME = "Luis de Jesus Martin Castillo";
				TargetAttributes = {
					A09DBF9A1CF92B7D008FFDA0 = {
						CreatedOnToolsVersion = 7.3.1;
						DevelopmentTeam = G4BTYN7N43;
					};
				};
			};
			buildConfigurationList = A09DBF961CF92B7D008FFDA0 /* Build configuration list for PBXProject "PracticaScroll" */;
			compatibilityVersion = "Xcode 3.2";
			developmentRegion = English;
			hasScannedForEncodings = 0;
			knownRegions = (
				en,
				Base,
			);
			mainGroup = A09DBF921CF92B7C008FFDA0;
			productRefGroup = A09DBF9C1CF92B7D008FFDA0 /* Products */;
			projectDirPath = "";
			projectRoot = "";
			targets = (
				A09DBF9A1CF92B7D008FFDA0 /* PracticaScroll */,
			);
		};
/* End PBXProject section */

/* Begin PBXResourcesBuildPhase section */
		A09DBF991CF92B7D008FFDA0 /* Resources */ = {
			isa = PBXResourcesBuildPhase;
			buildActionMask = 2147483647;
			files = (
				A01B9C1C1D0207FA005B9B07 /* good.png in Resources */,
				A01B9C091D01FB5F005B9B07 /* AppIcon-40@3x.png in Resources */,
				A01B9C0B1D01FCDC005B9B07 /* background_cell.png in Resources */,
				A01B9C1B1D0207FA005B9B07 /* perfect.png in Resources */,
				A01B9C0F1D020164005B9B07 /* logo.png in Resources */,
				A09DBFDE1CF96C28008FFDA0 /* margaery.png in Resources */,
				A01B9C211D020D8E005B9B07 /* botonnext1.png in Resources */,
				A09DBFE01CF96C28008FFDA0 /* osha.jpg in Resources */,
				A09DBFC61CF95D90008FFDA0 /* ok.png in Resources */,
				A09DBFE31CF96C28008FFDA0 /* joffrey.png in Resources */,
				A09DBFE11CF96C28008FFDA0 /* drogo.jpg in Resources */,
				A09DBFB11CF92B7D008FFDA0 /* LaunchScreen.storyboard in Resources */,
				A09DBFDD1CF96C28008FFDA0 /* sansa.jpg in Resources */,
				A01B9C251D0210A9005B9B07 /* launch.png in Resources */,
				A01B9C161D02041C005B9B07 /* botonlive1.png in Resources */,
				A01B9C271D021102005B9B07 /* Images.xcassets in Resources */,
				A01B9C171D02041C005B9B07 /* botonlive2.png in Resources */,
				A09DBFCF1CF961C3008FFDA0 /* Characters.plist in Resources */,
				A01B9C131D020323005B9B07 /* botondead2.png in Resources */,
				A01B9C1F1D020C6A005B9B07 /* botontry1.png in Resources */,
				A09DBFDC1CF96C28008FFDA0 /* ramsay.jpg in Resources */,
				A09DBFAE1CF92B7D008FFDA0 /* Assets.xcassets in Resources */,
				A09DBFE21CF96C28008FFDA0 /* eddard.jpg in Resources */,
				A09DBFDF1CF96C28008FFDA0 /* olly.jpg in Resources */,
				A09DBFDB1CF96C28008FFDA0 /* jonsnow.jpg in Resources */,
				A09DBFC51CF95D90008FFDA0 /* error.png in Resources */,
				A01B9C0D1D01FF8C005B9B07 /* background.png in Resources */,
				A09DBFBE1CF95540008FFDA0 /* GoTCell.xib in Resources */,
				A09DBFA91CF92B7D008FFDA0 /* Main.storyboard in Resources */,
				A09DBFDA1CF96C28008FFDA0 /* daenerys.jpg in Resources */,
				A09DBFC41CF95D90008FFDA0 /* person.png in Resources */,
				A01B9C1D1D0207FA005B9B07 /* bad.png in Resources */,
				A01B9C121D020323005B9B07 /* botondead1.png in Resources */,
			);
			runOnlyForDeploymentPostprocessing = 0;
		};
/* End PBXResourcesBuildPhase section */

/* Begin PBXSourcesBuildPhase section */
		A09DBF971CF92B7D008FFDA0 /* Sources */ = {
			isa = PBXSourcesBuildPhase;
			buildActionMask = 2147483647;
			files = (
				A09DBFA61CF92B7D008FFDA0 /* ViewController.m in Sources */,
				A09DBFBD1CF95540008FFDA0 /* GoTCell.m in Sources */,
				A09DBFAC1CF92B7D008FFDA0 /* PracticaScroll.xcdatamodeld in Sources */,
				A09DBFA31CF92B7D008FFDA0 /* AppDelegate.m in Sources */,
				A09DBFE71CF978A2008FFDA0 /* Congrats.m in Sources */,
				A09DBFA01CF92B7D008FFDA0 /* main.m in Sources */,
				A09DBFCD1CF96074008FFDA0 /* Character.m in Sources */,
			);
			runOnlyForDeploymentPostprocessing = 0;
		};
/* End PBXSourcesBuildPhase section */

/* Begin PBXVariantGroup section */
		A09DBFA71CF92B7D008FFDA0 /* Main.storyboard */ = {
			isa = PBXVariantGroup;
			children = (
				A09DBFA81CF92B7D008FFDA0 /* Base */,
			);
			name = Main.storyboard;
			sourceTree = "<group>";
		};
		A09DBFAF1CF92B7D008FFDA0 /* LaunchScreen.storyboard */ = {
			isa = PBXVariantGroup;
			children = (
				A09DBFB01CF92B7D008FFDA0 /* Base */,
			);
			name = LaunchScreen.storyboard;
			sourceTree = "<group>";
		};
/* End PBXVariantGroup section */

/* Begin XCBuildConfiguration section */
		A09DBFB31CF92B7D008FFDA0 /* Debug */ = {
			isa = XCBuildConfiguration;
			buildSettings = {
				ALWAYS_SEARCH_USER_PATHS = NO;
				CLANG_ANALYZER_NONNULL = YES;
				CLANG_CXX_LANGUAGE_STANDARD = "gnu++0x";
				CLANG_CXX_LIBRARY = "libc++";
				CLANG_ENABLE_MODULES = YES;
				CLANG_ENABLE_OBJC_ARC = YES;
				CLANG_WARN_BOOL_CONVERSION = YES;
				CLANG_WARN_CONSTANT_CONVERSION = YES;
				CLANG_WARN_DIRECT_OBJC_ISA_USAGE = YES_ERROR;
				CLANG_WARN_EMPTY_BODY = YES;
				CLANG_WARN_ENUM_CONVERSION = YES;
				CLANG_WARN_INT_CONVERSION = YES;
				CLANG_WARN_OBJC_ROOT_CLASS = YES_ERROR;
				CLANG_WARN_UNREACHABLE_CODE = YES;
				CLANG_WARN__DUPLICATE_METHOD_MATCH = YES;
				"CODE_SIGN_IDENTITY[sdk=iphoneos*]" = "iPhone Developer";
				COPY_PHASE_STRIP = NO;
				DEBUG_INFORMATION_FORMAT = dwarf;
				ENABLE_STRICT_OBJC_MSGSEND = YES;
				ENABLE_TESTABILITY = YES;
				GCC_C_LANGUAGE_STANDARD = gnu99;
				GCC_DYNAMIC_NO_PIC = NO;
				GCC_NO_COMMON_BLOCKS = YES;
				GCC_OPTIMIZATION_LEVEL = 0;
				GCC_PREPROCESSOR_DEFINITIONS = (
					"DEBUG=1",
					"$(inherited)",
				);
				GCC_WARN_64_TO_32_BIT_CONVERSION = YES;
				GCC_WARN_ABOUT_RETURN_TYPE = YES_ERROR;
				GCC_WARN_UNDECLARED_SELECTOR = YES;
				GCC_WARN_UNINITIALIZED_AUTOS = YES_AGGRESSIVE;
				GCC_WARN_UNUSED_FUNCTION = YES;
				GCC_WARN_UNUSED_VARIABLE = YES;
				IPHONEOS_DEPLOYMENT_TARGET = 9.3;
				MTL_ENABLE_DEBUG_INFO = YES;
				ONLY_ACTIVE_ARCH = YES;
				SDKROOT = iphoneos;
			};
			name = Debug;
		};
		A09DBFB41CF92B7D008FFDA0 /* Release */ = {
			isa = XCBuildConfiguration;
			buildSettings = {
				ALWAYS_SEARCH_USER_PATHS = NO;
				CLANG_ANALYZER_NONNULL = YES;
				CLANG_CXX_LANGUAGE_STANDARD = "gnu++0x";
				CLANG_CXX_LIBRARY = "libc++";
				CLANG_ENABLE_MODULES = YES;
				CLANG_ENABLE_OBJC_ARC = YES;
				CLANG_WARN_BOOL_CONVERSION = YES;
				CLANG_WARN_CONSTANT_CONVERSION = YES;
				CLANG_WARN_DIRECT_OBJC_ISA_USAGE = YES_ERROR;
				CLANG_WARN_EMPTY_BODY = YES;
				CLANG_WARN_ENUM_CONVERSION = YES;
				CLANG_WARN_INT_CONVERSION = YES;
				CLANG_WARN_OBJC_ROOT_CLASS = YES_ERROR;
				CLANG_WARN_UNREACHABLE_CODE = YES;
				CLANG_WARN__DUPLICATE_METHOD_MATCH = YES;
				"CODE_SIGN_IDENTITY[sdk=iphoneos*]" = "iPhone Developer";
				COPY_PHASE_STRIP = NO;
				DEBUG_INFORMATION_FORMAT = "dwarf-with-dsym";
				ENABLE_NS_ASSERTIONS = NO;
				ENABLE_STRICT_OBJC_MSGSEND = YES;
				GCC_C_LANGUAGE_STANDARD = gnu99;
				GCC_NO_COMMON_BLOCKS = YES;
				GCC_WARN_64_TO_32_BIT_CONVERSION = YES;
				GCC_WARN_ABOUT_RETURN_TYPE = YES_ERROR;
				GCC_WARN_UNDECLARED_SELECTOR = YES;
				GCC_WARN_UNINITIALIZED_AUTOS = YES_AGGRESSIVE;
				GCC_WARN_UNUSED_FUNCTION = YES;
				GCC_WARN_UNUSED_VARIABLE = YES;
				IPHONEOS_DEPLOYMENT_TARGET = 9.3;
				MTL_ENABLE_DEBUG_INFO = NO;
				SDKROOT = iphoneos;
				VALIDATE_PRODUCT = YES;
			};
			name = Release;
		};
		A09DBFB61CF92B7D008FFDA0 /* Debug */ = {
			isa = XCBuildConfiguration;
			buildSettings = {
				ASSETCATALOG_COMPILER_APPICON_NAME = AppIcon;
				ASSETCATALOG_COMPILER_LAUNCHIMAGE_NAME = "Brand Assets";
				CODE_SIGN_IDENTITY = "iPhone Developer";
				"CODE_SIGN_IDENTITY[sdk=iphoneos*]" = "iPhone Developer";
				INFOPLIST_FILE = PracticaScroll/Info.plist;
				LD_RUNPATH_SEARCH_PATHS = "$(inherited) @executable_path/Frameworks";
				PRODUCT_BUNDLE_IDENTIFIER = com.ljmc.PracticaScroll;
				PRODUCT_NAME = "$(TARGET_NAME)";
				PROVISIONING_PROFILE = "";
			};
			name = Debug;
		};
		A09DBFB71CF92B7D008FFDA0 /* Release */ = {
			isa = XCBuildConfiguration;
			buildSettings = {
				ASSETCATALOG_COMPILER_APPICON_NAME = AppIcon;
				ASSETCATALOG_COMPILER_LAUNCHIMAGE_NAME = "Brand Assets";
				CODE_SIGN_IDENTITY = "iPhone Developer";
				"CODE_SIGN_IDENTITY[sdk=iphoneos*]" = "iPhone Developer";
				INFOPLIST_FILE = PracticaScroll/Info.plist;
				LD_RUNPATH_SEARCH_PATHS = "$(inherited) @executable_path/Frameworks";
				PRODUCT_BUNDLE_IDENTIFIER = com.ljmc.PracticaScroll;
				PRODUCT_NAME = "$(TARGET_NAME)";
				PROVISIONING_PROFILE = "";
			};
			name = Release;
		};
/* End XCBuildConfiguration section */

/* Begin XCConfigurationList section */
		A09DBF961CF92B7D008FFDA0 /* Build configuration list for PBXProject "PracticaScroll" */ = {
			isa = XCConfigurationList;
			buildConfigurations = (
				A09DBFB31CF92B7D008FFDA0 /* Debug */,
				A09DBFB41CF92B7D008FFDA0 /* Release */,
			);
			defaultConfigurationIsVisible = 0;
			defaultConfigurationName = Release;
		};
		A09DBFB51CF92B7D008FFDA0 /* Build configuration list for PBXNativeTarget "PracticaScroll" */ = {
			isa = XCConfigurationList;
			buildConfigurations = (
				A09DBFB61CF92B7D008FFDA0 /* Debug */,
				A09DBFB71CF92B7D008FFDA0 /* Release */,
			);
			defaultConfigurationIsVisible = 0;
			defaultConfigurationName = Release;
		};
/* End XCConfigurationList section */

/* Begin XCVersionGroup section */
		A09DBFAA1CF92B7D008FFDA0 /* PracticaScroll.xcdatamodeld */ = {
			isa = XCVersionGroup;
			children = (
				A09DBFAB1CF92B7D008FFDA0 /* PracticaScroll.xcdatamodel */,
			);
			currentVersion = A09DBFAB1CF92B7D008FFDA0 /* PracticaScroll.xcdatamodel */;
			path = PracticaScroll.xcdatamodeld;
			sourceTree = "<group>";
			versionGroupType = wrapper.xcdatamodel;
		};
/* End XCVersionGroup section */
	};
	rootObject = A09DBF931CF92B7D008FFDA0 /* Project object */;
}
